# This file is automatically @generated by Cargo.
# It is not intended for manual editing.
version = 4

[[package]]
name = "cache-api"
version = "0.1.0"

[[package]]
name = "cache-app"
version = "0.1.0"

[[package]]
name = "cache-auth"
version = "0.1.0"

[[package]]
name = "cache-core"
version = "0.1.0"

[[package]]
name = "cache-db"
version = "0.1.0"

[[package]]
name = "cache-ingest"
version = "0.1.0"

[[package]]
name = "cache-read"
version = "0.1.0"

[[package]]
name = "cache-store"
version = "0.1.0"
